
Microsoft Visual Studio Solution File, Format Version 12.00
# Visual Studio Version 17
VisualStudioVersion = 17.0.31912.275
MinimumVisualStudioVersion = 10.0.40219.1
Project("{2150E333-8FDC-42A3-9474-1A3956D46DE8}") = "src", "src", "{72950FD9-DE6C-45DF-BFB6-AB69B81E81E9}"
EndProject
Project("{2150E333-8FDC-42A3-9474-1A3956D46DE8}") = "tests", "tests", "{22B93BBA-44B8-4E26-8064-2929F5D6039C}"
EndProject
Project("{2150E333-8FDC-42A3-9474-1A3956D46DE8}") = "010_Presentation", "010_Presentation", "{AC25D293-032C-4143-8F5D-1A980C6B33BF}"
EndProject
Project("{2150E333-8FDC-42A3-9474-1A3956D46DE8}") = "020_Infra.IoC", "020_Infra.IoC", "{B381135E-B014-4A2C-B2E5-2FBC3C2C4B45}"
EndProject
Project("{2150E333-8FDC-42A3-9474-1A3956D46DE8}") = "030_Application", "030_Application", "{DAA1C67D-5B99-48AD-8C5A-F9C1FBE619B2}"
EndProject
Project("{2150E333-8FDC-42A3-9474-1A3956D46DE8}") = "040_Infra.Data", "040_Infra.Data", "{8806DDC9-83CB-4913-B505-807BCD817E09}"
EndProject
Project("{2150E333-8FDC-42A3-9474-1A3956D46DE8}") = "050_Domian", "050_Domian", "{FA5F9687-98AF-4AFA-A2EC-DA8582B7782E}"
EndProject
Project("{9A19103F-16F7-4668-BE54-9A1E7A4F7556}") = "SimCarTel.Dashboard.Domian", "SimCarTel.Dashboard.Domian\SimCarTel.Dashboard.Domian.csproj", "{D21F1DC8-BF55-4CB8-B2EE-EE587E95A55D}"
EndProject
Project("{9A19103F-16F7-4668-BE54-9A1E7A4F7556}") = "SimCarTel.Dashboard.Data", "SimCarTel.Dashboard.Data\SimCarTel.Dashboard.Data.csproj", "{7047082E-9BE4-443C-BC9A-653D2E154152}"
EndProject
Project("{2150E333-8FDC-42A3-9474-1A3956D46DE8}") = "011_Api", "011_Api", "{393AA02D-9070-42A8-A919-5EC15092AF2E}"
EndProject
Project("{9A19103F-16F7-4668-BE54-9A1E7A4F7556}") = "SimCarTel.Dashboard.Api", "SimCarTel.Dashboard.Api\SimCarTel.Dashboard.Api.csproj", "{ACBBFD52-52FD-450D-8C90-FCA61C81BEF4}"
EndProject
Project("{9A19103F-16F7-4668-BE54-9A1E7A4F7556}") = "SimCarTel.Dashboard.Application", "SimCarTel.Dashboard.Application\SimCarTel.Dashboard.Application.csproj", "{FCBD6B4B-D1B5-4442-BB87-FD4D585F9610}"
EndProject
Project("{9A19103F-16F7-4668-BE54-9A1E7A4F7556}") = "SimCarTel.Dashboard.Infra.IoC", "SimCarTel.Dashboard.Infra.IoC\SimCarTel.Dashboard.Infra.IoC.csproj", "{1768FDDB-9F82-4830-8708-8AE1EB3B1185}"
EndProject
Project("{54A90642-561A-4BB1-A94E-469ADEE60C69}") = "SimCarTelDashboardUI", "SimCarTelDashboardUI\SimCarTelDashboardUI.esproj", "{837E1790-2ED2-4B50-A736-31D6ACC5858A}"
EndProject
Global
	GlobalSection(SolutionConfigurationPlatforms) = preSolution
		Debug|Any CPU = Debug|Any CPU
		Release|Any CPU = Release|Any CPU
	EndGlobalSection
	GlobalSection(ProjectConfigurationPlatforms) = postSolution
		{D21F1DC8-BF55-4CB8-B2EE-EE587E95A55D}.Debug|Any CPU.ActiveCfg = Debug|Any CPU
		{D21F1DC8-BF55-4CB8-B2EE-EE587E95A55D}.Debug|Any CPU.Build.0 = Debug|Any CPU
		{D21F1DC8-BF55-4CB8-B2EE-EE587E95A55D}.Release|Any CPU.ActiveCfg = Release|Any CPU
		{D21F1DC8-BF55-4CB8-B2EE-EE587E95A55D}.Release|Any CPU.Build.0 = Release|Any CPU
		{7047082E-9BE4-443C-BC9A-653D2E154152}.Debug|Any CPU.ActiveCfg = Debug|Any CPU
		{7047082E-9BE4-443C-BC9A-653D2E154152}.Debug|Any CPU.Build.0 = Debug|Any CPU
		{7047082E-9BE4-443C-BC9A-653D2E154152}.Release|Any CPU.ActiveCfg = Release|Any CPU
		{7047082E-9BE4-443C-BC9A-653D2E154152}.Release|Any CPU.Build.0 = Release|Any CPU
		{ACBBFD52-52FD-450D-8C90-FCA61C81BEF4}.Debug|Any CPU.ActiveCfg = Debug|Any CPU
		{ACBBFD52-52FD-450D-8C90-FCA61C81BEF4}.Debug|Any CPU.Build.0 = Debug|Any CPU
		{ACBBFD52-52FD-450D-8C90-FCA61C81BEF4}.Release|Any CPU.ActiveCfg = Release|Any CPU
		{ACBBFD52-52FD-450D-8C90-FCA61C81BEF4}.Release|Any CPU.Build.0 = Release|Any CPU
		{FCBD6B4B-D1B5-4442-BB87-FD4D585F9610}.Debug|Any CPU.ActiveCfg = Debug|Any CPU
		{FCBD6B4B-D1B5-4442-BB87-FD4D585F9610}.Debug|Any CPU.Build.0 = Debug|Any CPU
		{FCBD6B4B-D1B5-4442-BB87-FD4D585F9610}.Release|Any CPU.ActiveCfg = Release|Any CPU
		{FCBD6B4B-D1B5-4442-BB87-FD4D585F9610}.Release|Any CPU.Build.0 = Release|Any CPU
		{1768FDDB-9F82-4830-8708-8AE1EB3B1185}.Debug|Any CPU.ActiveCfg = Debug|Any CPU
		{1768FDDB-9F82-4830-8708-8AE1EB3B1185}.Debug|Any CPU.Build.0 = Debug|Any CPU
		{1768FDDB-9F82-4830-8708-8AE1EB3B1185}.Release|Any CPU.ActiveCfg = Release|Any CPU
		{1768FDDB-9F82-4830-8708-8AE1EB3B1185}.Release|Any CPU.Build.0 = Release|Any CPU
		{837E1790-2ED2-4B50-A736-31D6ACC5858A}.Debug|Any CPU.ActiveCfg = Debug|Any CPU
		{837E1790-2ED2-4B50-A736-31D6ACC5858A}.Debug|Any CPU.Build.0 = Debug|Any CPU
		{837E1790-2ED2-4B50-A736-31D6ACC5858A}.Debug|Any CPU.Deploy.0 = Debug|Any CPU
		{837E1790-2ED2-4B50-A736-31D6ACC5858A}.Release|Any CPU.ActiveCfg = Release|Any CPU
		{837E1790-2ED2-4B50-A736-31D6ACC5858A}.Release|Any CPU.Build.0 = Release|Any CPU
		{837E1790-2ED2-4B50-A736-31D6ACC5858A}.Release|Any CPU.Deploy.0 = Release|Any CPU
	EndGlobalSection
	GlobalSection(SolutionProperties) = preSolution
		HideSolutionNode = FALSE
	EndGlobalSection
	GlobalSection(NestedProjects) = preSolution
		{AC25D293-032C-4143-8F5D-1A980C6B33BF} = {72950FD9-DE6C-45DF-BFB6-AB69B81E81E9}
		{B381135E-B014-4A2C-B2E5-2FBC3C2C4B45} = {72950FD9-DE6C-45DF-BFB6-AB69B81E81E9}
		{DAA1C67D-5B99-48AD-8C5A-F9C1FBE619B2} = {72950FD9-DE6C-45DF-BFB6-AB69B81E81E9}
		{8806DDC9-83CB-4913-B505-807BCD817E09} = {72950FD9-DE6C-45DF-BFB6-AB69B81E81E9}
		{FA5F9687-98AF-4AFA-A2EC-DA8582B7782E} = {72950FD9-DE6C-45DF-BFB6-AB69B81E81E9}
		{D21F1DC8-BF55-4CB8-B2EE-EE587E95A55D} = {FA5F9687-98AF-4AFA-A2EC-DA8582B7782E}
		{7047082E-9BE4-443C-BC9A-653D2E154152} = {8806DDC9-83CB-4913-B505-807BCD817E09}
		{393AA02D-9070-42A8-A919-5EC15092AF2E} = {72950FD9-DE6C-45DF-BFB6-AB69B81E81E9}
		{ACBBFD52-52FD-450D-8C90-FCA61C81BEF4} = {393AA02D-9070-42A8-A919-5EC15092AF2E}
		{FCBD6B4B-D1B5-4442-BB87-FD4D585F9610} = {DAA1C67D-5B99-48AD-8C5A-F9C1FBE619B2}
		{1768FDDB-9F82-4830-8708-8AE1EB3B1185} = {B381135E-B014-4A2C-B2E5-2FBC3C2C4B45}
		{837E1790-2ED2-4B50-A736-31D6ACC5858A} = {AC25D293-032C-4143-8F5D-1A980C6B33BF}
	EndGlobalSection
	GlobalSection(ExtensibilityGlobals) = postSolution
		SolutionGuid = {E7000B94-86B7-41A2-A5B8-AAA32C26361A}
	EndGlobalSection
EndGlobal
